
Microsoft Visual Studio Solution File, Format Version 12.00
# Visual Studio Version 17
VisualStudioVersion = 17.14.36310.24 d17.14
MinimumVisualStudioVersion = 10.0.40219.1
Project("{FAE04EC0-301F-11D3-BF4B-00C04F79EFBC}") = "Dictionary", "Dictionary\Dictionary.csproj", "{20563AA8-FB40-45DC-B2FB-9D40217A84EC}"
EndProject
Global
	GlobalSection(SolutionConfigurationPlatforms) = preSolution
		Debug|Any CPU = Debug|Any CPU
		Release|Any CPU = Release|Any CPU
	EndGlobalSection
	GlobalSection(ProjectConfigurationPlatforms) = postSolution
		{20563AA8-FB40-45DC-B2FB-9D40217A84EC}.Debug|Any CPU.ActiveCfg = Debug|Any CPU
		{20563AA8-FB40-45DC-B2FB-9D40217A84EC}.Debug|Any CPU.Build.0 = Debug|Any CPU
		{20563AA8-FB40-45DC-B2FB-9D40217A84EC}.Release|Any CPU.ActiveCfg = Release|Any CPU
		{20563AA8-FB40-45DC-B2FB-9D40217A84EC}.Release|Any CPU.Build.0 = Release|Any CPU
	EndGlobalSection
	GlobalSection(SolutionProperties) = preSolution
		HideSolutionNode = FALSE
	EndGlobalSection
	GlobalSection(ExtensibilityGlobals) = postSolution
		SolutionGuid = {FA5859AF-8AA6-4AB0-A7B5-372B9A0B943D}
	EndGlobalSection
EndGlobal
